
Microsoft Visual Studio Solution File, Format Version 12.00
# Visual Studio Version 17
VisualStudioVersion = 17.0.31919.166
MinimumVisualStudioVersion = 10.0.40219.1
Project("{2150E333-8FDC-42A3-9474-1A3956D46DE8}") = "Data", "Data", "{477B0102-7476-4267-B662-12B831B94743}"
EndProject
Project("{2150E333-8FDC-42A3-9474-1A3956D46DE8}") = "Models", "Models", "{A3620858-DA47-41B1-B5AF-86401015DBEB}"
EndProject
Project("{2150E333-8FDC-42A3-9474-1A3956D46DE8}") = "Services", "Services", "{736375F2-C64C-4649-8E5F-805F40D71476}"
EndProject
Project("{2150E333-8FDC-42A3-9474-1A3956D46DE8}") = "Tests", "Tests", "{FCF58098-CCD7-45CD-ABD9-6EC853E15BEC}"
EndProject
Project("{2150E333-8FDC-42A3-9474-1A3956D46DE8}") = "Web", "Web", "{C95D6A68-560B-48DD-A9CF-2C40326B8D55}"
EndProject
Project("{9A19103F-16F7-4668-BE54-9A1E7A4F7556}") = "Internify.Web", "Web\Internify.Web\Internify.Web.csproj", "{48A169F2-B38A-464C-B71A-07B9D672B456}"
EndProject
Project("{9A19103F-16F7-4668-BE54-9A1E7A4F7556}") = "Internify.Data", "Data\Internify.Data\Internify.Data.csproj", "{5488B462-CCFD-483A-82C9-AB7BD1F05EF4}"
EndProject
Project("{9A19103F-16F7-4668-BE54-9A1E7A4F7556}") = "Internify.Data.Models", "Data\Internify.Data.Models\Internify.Data.Models.csproj", "{D3F3E6BC-F517-4CFD-821D-0B8A1B5323EC}"
EndProject
Project("{9A19103F-16F7-4668-BE54-9A1E7A4F7556}") = "Internify.Web.Infrastructure", "Web\Internify.Web.Infrastructure\Internify.Web.Infrastructure.csproj", "{9D3D3FFF-AC2F-48E9-9EBF-FF4044F9B04A}"
EndProject
Project("{9A19103F-16F7-4668-BE54-9A1E7A4F7556}") = "Internify.Models.InputModels", "Models\Internify.Models.InputModels\Internify.Models.InputModels.csproj", "{627CA9BA-9190-4090-A766-7974474692A4}"
EndProject
Project("{9A19103F-16F7-4668-BE54-9A1E7A4F7556}") = "Internify.Models.ViewModels", "Models\Internify.Models.ViewModels\Internify.Models.ViewModels.csproj", "{1941998E-B73D-4E66-B6F3-940039CDED06}"
EndProject
Project("{9A19103F-16F7-4668-BE54-9A1E7A4F7556}") = "Internify.Web.Common", "Web\Internify.Web.Common\Internify.Web.Common.csproj", "{498C3550-9475-490E-9987-D39FA1189FEA}"
EndProject
Project("{9A19103F-16F7-4668-BE54-9A1E7A4F7556}") = "Internify.Data.Common", "Data\Internify.Data.Common\Internify.Data.Common.csproj", "{21ED4C95-3ECA-48F8-B485-1F4BED3C39EC}"
EndProject
Project("{9A19103F-16F7-4668-BE54-9A1E7A4F7556}") = "Internify.Tests", "Tests\Internify.Tests\Internify.Tests.csproj", "{222AF71A-CDF3-4387-9B15-9FE40E2C8B85}"
EndProject
Project("{9A19103F-16F7-4668-BE54-9A1E7A4F7556}") = "Internify.Services.Data", "Services\Internify.Services\Internify.Services.Data.csproj", "{06A50C4C-2A64-47AD-91D4-176EC027A4D6}"
EndProject
Project("{2150E333-8FDC-42A3-9474-1A3956D46DE8}") = "Common", "Common", "{FC28BA85-B81B-443E-A5B2-A8342F71C80A}"
EndProject
Project("{9A19103F-16F7-4668-BE54-9A1E7A4F7556}") = "Internify.Common", "Common\Internify.Common\Internify.Common.csproj", "{88FAFE76-7095-4602-BDCC-E6390AA440E5}"
EndProject
Global
	GlobalSection(SolutionConfigurationPlatforms) = preSolution
		Debug|Any CPU = Debug|Any CPU
		Release|Any CPU = Release|Any CPU
	EndGlobalSection
	GlobalSection(ProjectConfigurationPlatforms) = postSolution
		{48A169F2-B38A-464C-B71A-07B9D672B456}.Debug|Any CPU.ActiveCfg = Debug|Any CPU
		{48A169F2-B38A-464C-B71A-07B9D672B456}.Debug|Any CPU.Build.0 = Debug|Any CPU
		{48A169F2-B38A-464C-B71A-07B9D672B456}.Release|Any CPU.ActiveCfg = Release|Any CPU
		{48A169F2-B38A-464C-B71A-07B9D672B456}.Release|Any CPU.Build.0 = Release|Any CPU
		{5488B462-CCFD-483A-82C9-AB7BD1F05EF4}.Debug|Any CPU.ActiveCfg = Debug|Any CPU
		{5488B462-CCFD-483A-82C9-AB7BD1F05EF4}.Debug|Any CPU.Build.0 = Debug|Any CPU
		{5488B462-CCFD-483A-82C9-AB7BD1F05EF4}.Release|Any CPU.ActiveCfg = Release|Any CPU
		{5488B462-CCFD-483A-82C9-AB7BD1F05EF4}.Release|Any CPU.Build.0 = Release|Any CPU
		{D3F3E6BC-F517-4CFD-821D-0B8A1B5323EC}.Debug|Any CPU.ActiveCfg = Debug|Any CPU
		{D3F3E6BC-F517-4CFD-821D-0B8A1B5323EC}.Debug|Any CPU.Build.0 = Debug|Any CPU
		{D3F3E6BC-F517-4CFD-821D-0B8A1B5323EC}.Release|Any CPU.ActiveCfg = Release|Any CPU
		{D3F3E6BC-F517-4CFD-821D-0B8A1B5323EC}.Release|Any CPU.Build.0 = Release|Any CPU
		{9D3D3FFF-AC2F-48E9-9EBF-FF4044F9B04A}.Debug|Any CPU.ActiveCfg = Debug|Any CPU
		{9D3D3FFF-AC2F-48E9-9EBF-FF4044F9B04A}.Debug|Any CPU.Build.0 = Debug|Any CPU
		{9D3D3FFF-AC2F-48E9-9EBF-FF4044F9B04A}.Release|Any CPU.ActiveCfg = Release|Any CPU
		{9D3D3FFF-AC2F-48E9-9EBF-FF4044F9B04A}.Release|Any CPU.Build.0 = Release|Any CPU
		{627CA9BA-9190-4090-A766-7974474692A4}.Debug|Any CPU.ActiveCfg = Debug|Any CPU
		{627CA9BA-9190-4090-A766-7974474692A4}.Debug|Any CPU.Build.0 = Debug|Any CPU
		{627CA9BA-9190-4090-A766-7974474692A4}.Release|Any CPU.ActiveCfg = Release|Any CPU
		{627CA9BA-9190-4090-A766-7974474692A4}.Release|Any CPU.Build.0 = Release|Any CPU
		{1941998E-B73D-4E66-B6F3-940039CDED06}.Debug|Any CPU.ActiveCfg = Debug|Any CPU
		{1941998E-B73D-4E66-B6F3-940039CDED06}.Debug|Any CPU.Build.0 = Debug|Any CPU
		{1941998E-B73D-4E66-B6F3-940039CDED06}.Release|Any CPU.ActiveCfg = Release|Any CPU
		{1941998E-B73D-4E66-B6F3-940039CDED06}.Release|Any CPU.Build.0 = Release|Any CPU
		{498C3550-9475-490E-9987-D39FA1189FEA}.Debug|Any CPU.ActiveCfg = Debug|Any CPU
		{498C3550-9475-490E-9987-D39FA1189FEA}.Debug|Any CPU.Build.0 = Debug|Any CPU
		{498C3550-9475-490E-9987-D39FA1189FEA}.Release|Any CPU.ActiveCfg = Release|Any CPU
		{498C3550-9475-490E-9987-D39FA1189FEA}.Release|Any CPU.Build.0 = Release|Any CPU
		{21ED4C95-3ECA-48F8-B485-1F4BED3C39EC}.Debug|Any CPU.ActiveCfg = Debug|Any CPU
		{21ED4C95-3ECA-48F8-B485-1F4BED3C39EC}.Debug|Any CPU.Build.0 = Debug|Any CPU
		{21ED4C95-3ECA-48F8-B485-1F4BED3C39EC}.Release|Any CPU.ActiveCfg = Release|Any CPU
		{21ED4C95-3ECA-48F8-B485-1F4BED3C39EC}.Release|Any CPU.Build.0 = Release|Any CPU
		{222AF71A-CDF3-4387-9B15-9FE40E2C8B85}.Debug|Any CPU.ActiveCfg = Debug|Any CPU
		{222AF71A-CDF3-4387-9B15-9FE40E2C8B85}.Debug|Any CPU.Build.0 = Debug|Any CPU
		{222AF71A-CDF3-4387-9B15-9FE40E2C8B85}.Release|Any CPU.ActiveCfg = Release|Any CPU
		{222AF71A-CDF3-4387-9B15-9FE40E2C8B85}.Release|Any CPU.Build.0 = Release|Any CPU
		{06A50C4C-2A64-47AD-91D4-176EC027A4D6}.Debug|Any CPU.ActiveCfg = Debug|Any CPU
		{06A50C4C-2A64-47AD-91D4-176EC027A4D6}.Debug|Any CPU.Build.0 = Debug|Any CPU
		{06A50C4C-2A64-47AD-91D4-176EC027A4D6}.Release|Any CPU.ActiveCfg = Release|Any CPU
		{06A50C4C-2A64-47AD-91D4-176EC027A4D6}.Release|Any CPU.Build.0 = Release|Any CPU
		{88FAFE76-7095-4602-BDCC-E6390AA440E5}.Debug|Any CPU.ActiveCfg = Debug|Any CPU
		{88FAFE76-7095-4602-BDCC-E6390AA440E5}.Debug|Any CPU.Build.0 = Debug|Any CPU
		{88FAFE76-7095-4602-BDCC-E6390AA440E5}.Release|Any CPU.ActiveCfg = Release|Any CPU
		{88FAFE76-7095-4602-BDCC-E6390AA440E5}.Release|Any CPU.Build.0 = Release|Any CPU
	EndGlobalSection
	GlobalSection(SolutionProperties) = preSolution
		HideSolutionNode = FALSE
	EndGlobalSection
	GlobalSection(NestedProjects) = preSolution
		{48A169F2-B38A-464C-B71A-07B9D672B456} = {C95D6A68-560B-48DD-A9CF-2C40326B8D55}
		{5488B462-CCFD-483A-82C9-AB7BD1F05EF4} = {477B0102-7476-4267-B662-12B831B94743}
		{D3F3E6BC-F517-4CFD-821D-0B8A1B5323EC} = {477B0102-7476-4267-B662-12B831B94743}
		{9D3D3FFF-AC2F-48E9-9EBF-FF4044F9B04A} = {C95D6A68-560B-48DD-A9CF-2C40326B8D55}
		{627CA9BA-9190-4090-A766-7974474692A4} = {A3620858-DA47-41B1-B5AF-86401015DBEB}
		{1941998E-B73D-4E66-B6F3-940039CDED06} = {A3620858-DA47-41B1-B5AF-86401015DBEB}
		{498C3550-9475-490E-9987-D39FA1189FEA} = {C95D6A68-560B-48DD-A9CF-2C40326B8D55}
		{21ED4C95-3ECA-48F8-B485-1F4BED3C39EC} = {477B0102-7476-4267-B662-12B831B94743}
		{222AF71A-CDF3-4387-9B15-9FE40E2C8B85} = {FCF58098-CCD7-45CD-ABD9-6EC853E15BEC}
		{06A50C4C-2A64-47AD-91D4-176EC027A4D6} = {736375F2-C64C-4649-8E5F-805F40D71476}
		{88FAFE76-7095-4602-BDCC-E6390AA440E5} = {FC28BA85-B81B-443E-A5B2-A8342F71C80A}
	EndGlobalSection
	GlobalSection(ExtensibilityGlobals) = postSolution
		SolutionGuid = {9273A6D3-A1D2-4F84-ADF0-B4930F8AE344}
	EndGlobalSection
EndGlobal
